# THIS IS AN AUTOGENERATED FILE. DO NOT EDIT THIS FILE DIRECTLY.
# yarn lockfile v1


precompress@^6.2.5:
  version "6.2.5"
  resolved "https://registry.yarnpkg.com/precompress/-/precompress-6.2.5.tgz#04fde4122888607d5ce3567c4d247643c8237549"
  integrity sha512-mCCijAb7irW6ACeIy2M78ixS8U8N3gUoou3v1H+remoxv8aFdvjmRnR3T7olkJwwrELN/EPOd1KtQ0ygef/Fwg==
